// !$*UTF8*$!
{
	archiveVersion = 1;
	classes = {
	};
	objectVersion = 46;
	objects = {

/* Begin PBXBuildFile section */
		687417B319EC6EE2005EF4EA /* AppDelegate.swift in Sources */ = {isa = PBXBuildFile; fileRef = 687417B219EC6EE2005EF4EA /* AppDelegate.swift */; };
		687417B519EC6EE2005EF4EA /* ViewController.swift in Sources */ = {isa = PBXBuildFile; fileRef = 687417B419EC6EE2005EF4EA /* ViewController.swift */; };
		687417B819EC6EE3005EF4EA /* Main.storyboard in Resources */ = {isa = PBXBuildFile; fileRef = 687417B619EC6EE3005EF4EA /* Main.storyboard */; };
		687417BA19EC6EE3005EF4EA /* Images.xcassets in Resources */ = {isa = PBXBuildFile; fileRef = 687417B919EC6EE3005EF4EA /* Images.xcassets */; };
		687417BD19EC6EE3005EF4EA /* LaunchScreen.xib in Resources */ = {isa = PBXBuildFile; fileRef = 687417BB19EC6EE3005EF4EA /* LaunchScreen.xib */; };
/* End PBXBuildFile section */

/* Begin PBXFileReference section */
		687417AD19EC6EE2005EF4EA /* North.app */ = {isa = PBXFileReference; explicitFileType = wrapper.application; includeInIndex = 0; path = North.app; sourceTree = BUILT_PRODUCTS_DIR; };
		687417B119EC6EE2005EF4EA /* Info.plist */ = {isa = PBXFileReference; lastKnownFileType = text.plist.xml; path = Info.plist; sourceTree = "<group>"; };
		687417B219EC6EE2005EF4EA /* AppDelegate.swift */ = {isa = PBXFileReference; lastKnownFileType = sourcecode.swift; path = AppDelegate.swift; sourceTree = "<group>"; };
		687417B419EC6EE2005EF4EA /* ViewController.swift */ = {isa = PBXFileReference; lastKnownFileType = sourcecode.swift; path = ViewController.swift; sourceTree = "<group>"; };
		687417B719EC6EE3005EF4EA /* Base */ = {isa = PBXFileReference; lastKnownFileType = file.storyboard; name = Base; path = Base.lproj/Main.storyboard; sourceTree = "<group>"; };
		687417B919EC6EE3005EF4EA /* Images.xcassets */ = {isa = PBXFileReference; lastKnownFileType = folder.assetcatalog; path = Images.xcassets; sourceTree = "<group>"; };
		687417BC19EC6EE3005EF4EA /* Base */ = {isa = PBXFileReference; lastKnownFileType = file.xib; name = Base; path = Base.lproj/LaunchScreen.xib; sourceTree = "<group>"; };
/* End PBXFileReference section */

/* Begin PBXFrameworksBuildPhase section */
		687417AA19EC6EE2005EF4EA /* Frameworks */ = {
			isa = PBXFrameworksBuildPhase;
			buildActionMask = 2147483647;
			files = (
			);
			runOnlyForDeploymentPostprocessing = 0;
		};
/* End PBXFrameworksBuildPhase section */

/* Begin PBXGroup section */
		687417A419EC6EE2005EF4EA = {
			isa = PBXGroup;
			children = (
				687417AF19EC6EE2005EF4EA /* North */,
				687417AE19EC6EE2005EF4EA /* Products */,
			);
			sourceTree = "<group>";
		};
		687417AE19EC6EE2005EF4EA /* Products */ = {
			isa = PBXGroup;
			children = (
				687417AD19EC6EE2005EF4EA /* North.app */,
			);
			name = Products;
			sourceTree = "<group>";
		};
		687417AF19EC6EE2005EF4EA /* North */ = {
			isa = PBXGroup;
			children = (
				687417B219EC6EE2005EF4EA /* AppDelegate.swift */,
				687417B419EC6EE2005EF4EA /* ViewController.swift */,
				687417B619EC6EE3005EF4EA /* Main.storyboard */,
				687417B919EC6EE3005EF4EA /* Images.xcassets */,
				687417BB19EC6EE3005EF4EA /* LaunchScreen.xib */,
				687417B019EC6EE2005EF4EA /* Supporting Files */,
			);
			path = North;
			sourceTree = "<group>";
		};
		687417B019EC6EE2005EF4EA /* Supporting Files */ = {
			isa = PBXGroup;
			children = (
				687417B119EC6EE2005EF4EA /* Info.plist */,
			);
			name = "Supporting Files";
			sourceTree = "<group>";
		};
/* End PBXGroup section */

/* Begin PBXNativeTarget section */
		687417AC19EC6EE2005EF4EA /* North */ = {
			isa = PBXNativeTarget;
			buildConfigurationList = 687417CC19EC6EE3005EF4EA /* Build configuration list for PBXNativeTarget "North" */;
			buildPhases = (
				687417A919EC6EE2005EF4EA /* Sources */,
				687417AA19EC6EE2005EF4EA /* Frameworks */,
				687417AB19EC6EE2005EF4EA /* Resources */,
			);
			buildRules = (
			);
			dependencies = (
			);
			name = North;
			productName = North;
			productReference = 687417AD19EC6EE2005EF4EA /* North.app */;
			productType = "com.apple.product-type.application";
		};
/* End PBXNativeTarget section */

/* Begin PBXProject section */
		687417A519EC6EE2005EF4EA /* Project object */ = {
			isa = PBXProject;
			attributes = {
				LastUpgradeCheck = 0600;
				ORGANIZATIONNAME = "Milton and Parc";
				TargetAttributes = {
					687417AC19EC6EE2005EF4EA = {
						CreatedOnToolsVersion = 6.0;
					};
				};
			};
			buildConfigurationList = 687417A819EC6EE2005EF4EA /* Build configuration list for PBXProject "North" */;
			compatibilityVersion = "Xcode 3.2";
			developmentRegion = English;
			hasScannedForEncodings = 0;
			knownRegions = (
				en,
				Base,
			);
			mainGroup = 687417A419EC6EE2005EF4EA;
			productRefGroup = 687417AE19EC6EE2005EF4EA /* Products */;
			projectDirPath = "";
			projectRoot = "";
			targets = (
				687417AC19EC6EE2005EF4EA /* North */,
			);
		};
/* End PBXProject section */

/* Begin PBXResourcesBuildPhase section */
		687417AB19EC6EE2005EF4EA /* Resources */ = {
			isa = PBXResourcesBuildPhase;
			buildActionMask = 2147483647;
			files = (
				687417B819EC6EE3005EF4EA /* Main.storyboard in Resources */,
				687417BD19EC6EE3005EF4EA /* LaunchScreen.xib in Resources */,
				687417BA19EC6EE3005EF4EA /* Images.xcassets in Resources */,
			);
			runOnlyForDeploymentPostprocessing = 0;
		};
/* End PBXResourcesBuildPhase section */

/* Begin PBXSourcesBuildPhase section */
		687417A919EC6EE2005EF4EA /* Sources */ = {
			isa = PBXSourcesBuildPhase;
			buildActionMask = 2147483647;
			files = (
				687417B519EC6EE2005EF4EA /* ViewController.swift in Sources */,
				687417B319EC6EE2005EF4EA /* AppDelegate.swift in Sources */,
			);
			runOnlyForDeploymentPostprocessing = 0;
		};
/* End PBXSourcesBuildPhase section */

/* Begin PBXVariantGroup section */
		687417B619EC6EE3005EF4EA /* Main.storyboard */ = {
			isa = PBXVariantGroup;
			children = (
				687417B719EC6EE3005EF4EA /* Base */,
			);
			name = Main.storyboard;
			sourceTree = "<group>";
		};
		687417BB19EC6EE3005EF4EA /* LaunchScreen.xib */ = {
			isa = PBXVariantGroup;
			children = (
				687417BC19EC6EE3005EF4EA /* Base */,
			);
			name = LaunchScreen.xib;
			sourceTree = "<group>";
		};
/* End PBXVariantGroup section */

/* Begin XCBuildConfiguration section */
		687417CA19EC6EE3005EF4EA /* Debug */ = {
			isa = XCBuildConfiguration;
			buildSettings = {
				ALWAYS_SEARCH_USER_PATHS = NO;
				CLANG_CXX_LANGUAGE_STANDARD = "gnu++0x";
				CLANG_CXX_LIBRARY = "libc++";
				CLANG_ENABLE_MODULES = YES;
				CLANG_ENABLE_OBJC_ARC = YES;
				CLANG_WARN_BOOL_CONVERSION = YES;
				CLANG_WARN_CONSTANT_CONVERSION = YES;
				CLANG_WARN_DIRECT_OBJC_ISA_USAGE = YES_ERROR;
				CLANG_WARN_EMPTY_BODY = YES;
				CLANG_WARN_ENUM_CONVERSION = YES;
				CLANG_WARN_INT_CONVERSION = YES;
				CLANG_WARN_OBJC_ROOT_CLASS = YES_ERROR;
				CLANG_WARN_UNREACHABLE_CODE = YES;
				CLANG_WARN__DUPLICATE_METHOD_MATCH = YES;
				"CODE_SIGN_IDENTITY[sdk=iphoneos*]" = "iPhone Developer";
				COPY_PHASE_STRIP = NO;
				ENABLE_STRICT_OBJC_MSGSEND = YES;
				GCC_C_LANGUAGE_STANDARD = gnu99;
				GCC_DYNAMIC_NO_PIC = NO;
				GCC_OPTIMIZATION_LEVEL = 0;
				GCC_PREPROCESSOR_DEFINITIONS = (
					"DEBUG=1",
					"$(inherited)",
				);
				GCC_SYMBOLS_PRIVATE_EXTERN = NO;
				GCC_WARN_64_TO_32_BIT_CONVERSION = YES;
				GCC_WARN_ABOUT_RETURN_TYPE = YES_ERROR;
				GCC_WARN_UNDECLARED_SELECTOR = YES;
				GCC_WARN_UNINITIALIZED_AUTOS = YES_AGGRESSIVE;
				GCC_WARN_UNUSED_FUNCTION = YES;
				GCC_WARN_UNUSED_VARIABLE = YES;
				IPHONEOS_DEPLOYMENT_TARGET = 7.0;
				MTL_ENABLE_DEBUG_INFO = YES;
				ONLY_ACTIVE_ARCH = YES;
				SDKROOT = iphoneos;
				SWIFT_OPTIMIZATION_LEVEL = "-Onone";
			};
			name = Debug;
		};
		687417CB19EC6EE3005EF4EA /* Release */ = {
			isa = XCBuildConfiguration;
			buildSettings = {
				ALWAYS_SEARCH_USER_PATHS = NO;
				CLANG_CXX_LANGUAGE_STANDARD = "gnu++0x";
				CLANG_CXX_LIBRARY = "libc++";
				CLANG_ENABLE_MODULES = YES;
				CLANG_ENABLE_OBJC_ARC = YES;
				CLANG_WARN_BOOL_CONVERSION = YES;
				CLANG_WARN_CONSTANT_CONVERSION = YES;
				CLANG_WARN_DIRECT_OBJC_ISA_USAGE = YES_ERROR;
				CLANG_WARN_EMPTY_BODY = YES;
				CLANG_WARN_ENUM_CONVERSION = YES;
				CLANG_WARN_INT_CONVERSION = YES;
				CLANG_WARN_OBJC_ROOT_CLASS = YES_ERROR;
				CLANG_WARN_UNREACHABLE_CODE = YES;
				CLANG_WARN__DUPLICATE_METHOD_MATCH = YES;
				"CODE_SIGN_IDENTITY[sdk=iphoneos*]" = "iPhone Developer";
				COPY_PHASE_STRIP = YES;
				ENABLE_NS_ASSERTIONS = NO;
				ENABLE_STRICT_OBJC_MSGSEND = YES;
				GCC_C_LANGUAGE_STANDARD = gnu99;
				GCC_WARN_64_TO_32_BIT_CONVERSION = YES;
				GCC_WARN_ABOUT_RETURN_TYPE = YES_ERROR;
				GCC_WARN_UNDECLARED_SELECTOR = YES;
				GCC_WARN_UNINITIALIZED_AUTOS = YES_AGGRESSIVE;
				GCC_WARN_UNUSED_FUNCTION = YES;
				GCC_WARN_UNUSED_VARIABLE = YES;
				IPHONEOS_DEPLOYMENT_TARGET = 7.0;
				MTL_ENABLE_DEBUG_INFO = NO;
				SDKROOT = iphoneos;
				VALIDATE_PRODUCT = YES;
			};
			name = Release;
		};
		687417CD19EC6EE3005EF4EA /* Debug */ = {
			isa = XCBuildConfiguration;
			buildSettings = {
				ASSETCATALOG_COMPILER_APPICON_NAME = AppIcon;
				INFOPLIST_FILE = North/Info.plist;
				LD_RUNPATH_SEARCH_PATHS = "$(inherited) @executable_path/Frameworks";
				PRODUCT_NAME = "$(TARGET_NAME)";
			};
			name = Debug;
		};
		687417CE19EC6EE3005EF4EA /* Release */ = {
			isa = XCBuildConfiguration;
			buildSettings = {
				ASSETCATALOG_COMPILER_APPICON_NAME = AppIcon;
				INFOPLIST_FILE = North/Info.plist;
				LD_RUNPATH_SEARCH_PATHS = "$(inherited) @executable_path/Frameworks";
				PRODUCT_NAME = "$(TARGET_NAME)";
			};
			name = Release;
		};
/* End XCBuildConfiguration section */

/* Begin XCConfigurationList section */
		687417A819EC6EE2005EF4EA /* Build configuration list for PBXProject "North" */ = {
			isa = XCConfigurationList;
			buildConfigurations = (
				687417CA19EC6EE3005EF4EA /* Debug */,
				687417CB19EC6EE3005EF4EA /* Release */,
			);
			defaultConfigurationIsVisible = 0;
			defaultConfigurationName = Release;
		};
		687417CC19EC6EE3005EF4EA /* Build configuration list for PBXNativeTarget "North" */ = {
			isa = XCConfigurationList;
			buildConfigurations = (
				687417CD19EC6EE3005EF4EA /* Debug */,
				687417CE19EC6EE3005EF4EA /* Release */,
			);
			defaultConfigurationIsVisible = 0;
		};
/* End XCConfigurationList section */
	};
	rootObject = 687417A519EC6EE2005EF4EA /* Project object */;
}
